
Microsoft Visual Studio Solution File, Format Version 12.00
# Visual Studio Version 17
VisualStudioVersion = 17.8.34330.188
MinimumVisualStudioVersion = 10.0.40219.1
Project("{FAE04EC0-301F-11D3-BF4B-00C04F79EFBC}") = "BlazorCrudWeb.Server", "BlazorCrudWeb\Server\BlazorCrudWeb.Server.csproj", "{6EF14DD6-7A66-4E6D-AFD5-F69125197C87}"
EndProject
Project("{FAE04EC0-301F-11D3-BF4B-00C04F79EFBC}") = "BlazorCrudWeb.Client", "BlazorCrudWeb\Client\BlazorCrudWeb.Client.csproj", "{198A699F-22B2-401A-82FA-3FA850EC8029}"
EndProject
Project("{FAE04EC0-301F-11D3-BF4B-00C04F79EFBC}") = "BlazorCrudWeb.Shared", "BlazorCrudWeb\Shared\BlazorCrudWeb.Shared.csproj", "{23D90098-EC5C-4F6C-947F-A60A7D7B2F2E}"
EndProject
Global
	GlobalSection(SolutionConfigurationPlatforms) = preSolution
		Debug|Any CPU = Debug|Any CPU
		Release|Any CPU = Release|Any CPU
	EndGlobalSection
	GlobalSection(ProjectConfigurationPlatforms) = postSolution
		{6EF14DD6-7A66-4E6D-AFD5-F69125197C87}.Debug|Any CPU.ActiveCfg = Debug|Any CPU
		{6EF14DD6-7A66-4E6D-AFD5-F69125197C87}.Debug|Any CPU.Build.0 = Debug|Any CPU
		{6EF14DD6-7A66-4E6D-AFD5-F69125197C87}.Release|Any CPU.ActiveCfg = Release|Any CPU
		{6EF14DD6-7A66-4E6D-AFD5-F69125197C87}.Release|Any CPU.Build.0 = Release|Any CPU
		{198A699F-22B2-401A-82FA-3FA850EC8029}.Debug|Any CPU.ActiveCfg = Debug|Any CPU
		{198A699F-22B2-401A-82FA-3FA850EC8029}.Debug|Any CPU.Build.0 = Debug|Any CPU
		{198A699F-22B2-401A-82FA-3FA850EC8029}.Release|Any CPU.ActiveCfg = Release|Any CPU
		{198A699F-22B2-401A-82FA-3FA850EC8029}.Release|Any CPU.Build.0 = Release|Any CPU
		{23D90098-EC5C-4F6C-947F-A60A7D7B2F2E}.Debug|Any CPU.ActiveCfg = Debug|Any CPU
		{23D90098-EC5C-4F6C-947F-A60A7D7B2F2E}.Debug|Any CPU.Build.0 = Debug|Any CPU
		{23D90098-EC5C-4F6C-947F-A60A7D7B2F2E}.Release|Any CPU.ActiveCfg = Release|Any CPU
		{23D90098-EC5C-4F6C-947F-A60A7D7B2F2E}.Release|Any CPU.Build.0 = Release|Any CPU
	EndGlobalSection
	GlobalSection(SolutionProperties) = preSolution
		HideSolutionNode = FALSE
	EndGlobalSection
	GlobalSection(ExtensibilityGlobals) = postSolution
		SolutionGuid = {C5BB5A62-8E93-44C5-91C7-34416A2778E6}
	EndGlobalSection
EndGlobal
